{
  "originHash" : "a4877db3c94c47ed6346608038b15f92bdafde1f5e58c03c7e76af3a15785a5a",
  "pins" : [
    {
      "identity" : "lottie-ios",
      "kind" : "remoteSourceControl",
      "location" : "https://github.com/airbnb/lottie-ios",
      "state" : {
        "revision" : "0cb03fd7564d27345bcd96144b811e56212949c6",
        "version" : "4.6.0"
      }
    },
    {
      "identity" : "mantis",
      "kind" : "remoteSourceControl",
      "location" : "https://github.com/guoyingtao/Mantis.git",
      "state" : {
        "revision" : "d6880eb97267248f89e6cef2dd52785d50627639",
        "version" : "1.9.0"
      }
    }
  ],
  "version" : 3
}
